
Microsoft Visual Studio Solution File, Format Version 12.00
# Visual Studio Version 16
VisualStudioVersion = 16.0.31424.327
MinimumVisualStudioVersion = 10.0.40219.1
Project("{FAE04EC0-301F-11D3-BF4B-00C04F79EFBC}") = "WebApplication1", "WebApplication1\WebApplication1.csproj", "{5B2FD814-9819-4D0C-9262-9EBB89A9AA38}"
EndProject
Global
	GlobalSection(SolutionConfigurationPlatforms) = preSolution
		Debug|Any CPU = Debug|Any CPU
		Release|Any CPU = Release|Any CPU
	EndGlobalSection
	GlobalSection(ProjectConfigurationPlatforms) = postSolution
		{5B2FD814-9819-4D0C-9262-9EBB89A9AA38}.Debug|Any CPU.ActiveCfg = Debug|Any CPU
		{5B2FD814-9819-4D0C-9262-9EBB89A9AA38}.Debug|Any CPU.Build.0 = Debug|Any CPU
		{5B2FD814-9819-4D0C-9262-9EBB89A9AA38}.Release|Any CPU.ActiveCfg = Release|Any CPU
		{5B2FD814-9819-4D0C-9262-9EBB89A9AA38}.Release|Any CPU.Build.0 = Release|Any CPU
	EndGlobalSection
	GlobalSection(SolutionProperties) = preSolution
		HideSolutionNode = FALSE
	EndGlobalSection
	GlobalSection(ExtensibilityGlobals) = postSolution
		SolutionGuid = {1EA66B20-A7C6-4CAC-B551-0EF79E477955}
	EndGlobalSection
EndGlobal
